// !$*UTF8*$!
{
	archiveVersion = 1;
	classes = {
	};
	objectVersion = 46;
	objects = {

/* Begin PBXAggregateTarget section */
		279C3CAB02E34E92B24718A9 /* ZERO_CHECK */ = {
			isa = PBXAggregateTarget;
			buildConfigurationList = 9DD584056C9D43D0A29500F0 /* Build configuration list for PBXAggregateTarget "ZERO_CHECK" */;
			buildPhases = (
				68AB124066C340B5A80A5DE9 /* CMake Rules */,
			);
			dependencies = (
			);
			name = ZERO_CHECK;
			productName = ZERO_CHECK;
		};
		DF14C13F2233443BB3852576 /* ALL_BUILD */ = {
			isa = PBXAggregateTarget;
			buildConfigurationList = 9CAE036A8CDD41A098BE0487 /* Build configuration list for PBXAggregateTarget "ALL_BUILD" */;
			buildPhases = (
				028795DE2BDF4624BCDD3697 /* CMake Rules */,
			);
			dependencies = (
				686001D9A3B94A2ABE0ADBAB /* PBXTargetDependency */,
				C20B0901FE4140DBB1F4BD5D /* PBXTargetDependency */,
			);
			name = ALL_BUILD;
			productName = ALL_BUILD;
		};
/* End PBXAggregateTarget section */

/* Begin PBXBuildFile section */
		8C522B27253677AF00ECA0D6 /* OpenGL.framework in Frameworks */ = {isa = PBXBuildFile; fileRef = 8C522B26253677AF00ECA0D6 /* OpenGL.framework */; };
		8C522B46253678DA00ECA0D6 /* program.cpp in Sources */ = {isa = PBXBuildFile; fileRef = 8C522B2C253678DA00ECA0D6 /* program.cpp */; };
		8C522B49253678DA00ECA0D6 /* scene.cpp in Sources */ = {isa = PBXBuildFile; fileRef = 8C522B2F253678DA00ECA0D6 /* scene.cpp */; };
		8C522B4B253678DA00ECA0D6 /* light.cpp in Sources */ = {isa = PBXBuildFile; fileRef = 8C522B31253678DA00ECA0D6 /* light.cpp */; };
		8C522B4E253678DA00ECA0D6 /* shader.cpp in Sources */ = {isa = PBXBuildFile; fileRef = 8C522B34253678DA00ECA0D6 /* shader.cpp */; };
		8C522B52253678DA00ECA0D6 /* terrain.cpp in Sources */ = {isa = PBXBuildFile; fileRef = 8C522B38253678DA00ECA0D6 /* terrain.cpp */; };
		8C522B53253678DA00ECA0D6 /* cube.cpp in Sources */ = {isa = PBXBuildFile; fileRef = 8C522B39253678DA00ECA0D6 /* cube.cpp */; };
		8C522B56253678DA00ECA0D6 /* material.cpp in Sources */ = {isa = PBXBuildFile; fileRef = 8C522B3C253678DA00ECA0D6 /* material.cpp */; };
		8C522B57253678DA00ECA0D6 /* BulletDebugDraw.cpp in Sources */ = {isa = PBXBuildFile; fileRef = 8C522B3D253678DA00ECA0D6 /* BulletDebugDraw.cpp */; };
		8C522B58253678DA00ECA0D6 /* main.cpp in Sources */ = {isa = PBXBuildFile; fileRef = 8C522B3E253678DA00ECA0D6 /* main.cpp */; };
		8C522B5A253678DA00ECA0D6 /* game.cpp in Sources */ = {isa = PBXBuildFile; fileRef = 8C522B40253678DA00ECA0D6 /* game.cpp */; };
		8C522B702536793500ECA0D6 /* imgui_widgets.cpp in Sources */ = {isa = PBXBuildFile; fileRef = 8C522B612536793500ECA0D6 /* imgui_widgets.cpp */; };
		8C522B742536793500ECA0D6 /* imgui.cpp in Sources */ = {isa = PBXBuildFile; fileRef = 8C522B652536793500ECA0D6 /* imgui.cpp */; };
		8C522B772536793500ECA0D6 /* imgui_impl_opengl3.cpp in Sources */ = {isa = PBXBuildFile; fileRef = 8C522B682536793500ECA0D6 /* imgui_impl_opengl3.cpp */; };
		8C522B792536793500ECA0D6 /* imgui_impl_glfw.cpp in Sources */ = {isa = PBXBuildFile; fileRef = 8C522B6A2536793500ECA0D6 /* imgui_impl_glfw.cpp */; };
		8C522B7A2536793500ECA0D6 /* imgui_demo.cpp in Sources */ = {isa = PBXBuildFile; fileRef = 8C522B6B2536793500ECA0D6 /* imgui_demo.cpp */; };
		8C522B7B2536793500ECA0D6 /* imgui_draw.cpp in Sources */ = {isa = PBXBuildFile; fileRef = 8C522B6C2536793500ECA0D6 /* imgui_draw.cpp */; };
		8C522B9425367BFA00ECA0D6 /* metal.jpg in CopyFiles */ = {isa = PBXBuildFile; fileRef = 8C522B8E25367BE900ECA0D6 /* metal.jpg */; };
		8C522B9525367BFA00ECA0D6 /* beach.png in CopyFiles */ = {isa = PBXBuildFile; fileRef = 8C522B8F25367BE900ECA0D6 /* beach.png */; };
		8C522B9625367BFA00ECA0D6 /* grass.png in CopyFiles */ = {isa = PBXBuildFile; fileRef = 8C522B9025367BE900ECA0D6 /* grass.png */; };
		8C522B9725367BFA00ECA0D6 /* starnight.jpg in CopyFiles */ = {isa = PBXBuildFile; fileRef = 8C522B9125367BE900ECA0D6 /* starnight.jpg */; };
		8C522B9825367BFA00ECA0D6 /* daylight.png in CopyFiles */ = {isa = PBXBuildFile; fileRef = 8C522B9225367BE900ECA0D6 /* daylight.png */; };
		8C522B9925367BFA00ECA0D6 /* brick.jpg in CopyFiles */ = {isa = PBXBuildFile; fileRef = 8C522B9325367BE900ECA0D6 /* brick.jpg */; };
		8C522B9B25367C3C00ECA0D6 /* glitched_diffuse.frag in CopyFiles */ = {isa = PBXBuildFile; fileRef = 8C522B1F253676E000ECA0D6 /* glitched_diffuse.frag */; };
		8C522B9C25367C3C00ECA0D6 /* diffuse.frag in CopyFiles */ = {isa = PBXBuildFile; fileRef = 8C522B20253676E000ECA0D6 /* diffuse.frag */; };
		8C522B9D25367C3C00ECA0D6 /* simple.vert in CopyFiles */ = {isa = PBXBuildFile; fileRef = 8C522B21253676E000ECA0D6 /* simple.vert */; };
		8C522B9E25367C3C00ECA0D6 /* flat.frag in CopyFiles */ = {isa = PBXBuildFile; fileRef = 8C522B22253676E000ECA0D6 /* flat.frag */; };
		8C522B9F25367C3C00ECA0D6 /* instanced.vert in CopyFiles */ = {isa = PBXBuildFile; fileRef = 8C522B23253676E000ECA0D6 /* instanced.vert */; };
/* End PBXBuildFile section */

/* Begin PBXContainerItemProxy section */
		0A968FBE5643493C94C27B3C /* PBXContainerItemProxy */ = {
			isa = PBXContainerItemProxy;
			containerPortal = 76883C051BED4C019CC4DD60 /* Project object */;
			proxyType = 1;
			remoteGlobalIDString = 22F63ECFF62B4D3E9EB563AA;
			remoteInfo = AtmosphericEngine;
		};
		9C3275CC9F88433B87BBD347 /* PBXContainerItemProxy */ = {
			isa = PBXContainerItemProxy;
			containerPortal = 76883C051BED4C019CC4DD60 /* Project object */;
			proxyType = 1;
			remoteGlobalIDString = 279C3CAB02E34E92B24718A9;
			remoteInfo = ZERO_CHECK;
		};
/* End PBXContainerItemProxy section */

/* Begin PBXCopyFilesBuildPhase section */
		8C522B7C25367B0F00ECA0D6 /* CopyFiles */ = {
			isa = PBXCopyFilesBuildPhase;
			buildActionMask = 2147483647;
			dstPath = resources;
			dstSubfolderSpec = 7;
			files = (
				8C522B9425367BFA00ECA0D6 /* metal.jpg in CopyFiles */,
				8C522B9525367BFA00ECA0D6 /* beach.png in CopyFiles */,
				8C522B9625367BFA00ECA0D6 /* grass.png in CopyFiles */,
				8C522B9725367BFA00ECA0D6 /* starnight.jpg in CopyFiles */,
				8C522B9825367BFA00ECA0D6 /* daylight.png in CopyFiles */,
				8C522B9925367BFA00ECA0D6 /* brick.jpg in CopyFiles */,
			);
			runOnlyForDeploymentPostprocessing = 0;
		};
		8C522B9A25367C1900ECA0D6 /* CopyFiles */ = {
			isa = PBXCopyFilesBuildPhase;
			buildActionMask = 2147483647;
			dstPath = shaders;
			dstSubfolderSpec = 7;
			files = (
				8C522B9B25367C3C00ECA0D6 /* glitched_diffuse.frag in CopyFiles */,
				8C522B9C25367C3C00ECA0D6 /* diffuse.frag in CopyFiles */,
				8C522B9D25367C3C00ECA0D6 /* simple.vert in CopyFiles */,
				8C522B9E25367C3C00ECA0D6 /* flat.frag in CopyFiles */,
				8C522B9F25367C3C00ECA0D6 /* instanced.vert in CopyFiles */,
			);
			runOnlyForDeploymentPostprocessing = 0;
		};
/* End PBXCopyFilesBuildPhase section */

/* Begin PBXFileReference section */
		6E767526ADB04277A296509C /* AtmosphericEngine */ = {isa = PBXFileReference; explicitFileType = "compiled.mach-o.executable"; path = AtmosphericEngine; sourceTree = BUILT_PRODUCTS_DIR; };
		8C522B1F253676E000ECA0D6 /* glitched_diffuse.frag */ = {isa = PBXFileReference; fileEncoding = 4; lastKnownFileType = sourcecode.glsl; path = glitched_diffuse.frag; sourceTree = "<group>"; };
		8C522B20253676E000ECA0D6 /* diffuse.frag */ = {isa = PBXFileReference; fileEncoding = 4; lastKnownFileType = sourcecode.glsl; path = diffuse.frag; sourceTree = "<group>"; };
		8C522B21253676E000ECA0D6 /* simple.vert */ = {isa = PBXFileReference; fileEncoding = 4; lastKnownFileType = sourcecode.glsl; path = simple.vert; sourceTree = "<group>"; };
		8C522B22253676E000ECA0D6 /* flat.frag */ = {isa = PBXFileReference; fileEncoding = 4; lastKnownFileType = sourcecode.glsl; path = flat.frag; sourceTree = "<group>"; };
		8C522B23253676E000ECA0D6 /* instanced.vert */ = {isa = PBXFileReference; fileEncoding = 4; lastKnownFileType = sourcecode.glsl; path = instanced.vert; sourceTree = "<group>"; };
		8C522B26253677AF00ECA0D6 /* OpenGL.framework */ = {isa = PBXFileReference; lastKnownFileType = wrapper.framework; name = OpenGL.framework; path = System/Library/Frameworks/OpenGL.framework; sourceTree = SDKROOT; };
		8C522B29253678DA00ECA0D6 /* terrain.hpp */ = {isa = PBXFileReference; fileEncoding = 4; lastKnownFileType = sourcecode.cpp.h; path = terrain.hpp; sourceTree = "<group>"; };
		8C522B2A253678DA00ECA0D6 /* BulletMain.h */ = {isa = PBXFileReference; fileEncoding = 4; lastKnownFileType = sourcecode.c.h; path = BulletMain.h; sourceTree = "<group>"; };
		8C522B2B253678DA00ECA0D6 /* cube.hpp */ = {isa = PBXFileReference; fileEncoding = 4; lastKnownFileType = sourcecode.cpp.h; path = cube.hpp; sourceTree = "<group>"; };
		8C522B2C253678DA00ECA0D6 /* program.cpp */ = {isa = PBXFileReference; fileEncoding = 4; lastKnownFileType = sourcecode.cpp.cpp; path = program.cpp; sourceTree = "<group>"; };
		8C522B2D253678DA00ECA0D6 /* material.hpp */ = {isa = PBXFileReference; fileEncoding = 4; lastKnownFileType = sourcecode.cpp.h; path = material.hpp; sourceTree = "<group>"; };
		8C522B2E253678DA00ECA0D6 /* BulletDebugDraw.hpp */ = {isa = PBXFileReference; fileEncoding = 4; lastKnownFileType = sourcecode.cpp.h; path = BulletDebugDraw.hpp; sourceTree = "<group>"; };
		8C522B2F253678DA00ECA0D6 /* scene.cpp */ = {isa = PBXFileReference; fileEncoding = 4; lastKnownFileType = sourcecode.cpp.cpp; path = scene.cpp; sourceTree = "<group>"; };
		8C522B30253678DA00ECA0D6 /* game.hpp */ = {isa = PBXFileReference; fileEncoding = 4; lastKnownFileType = sourcecode.cpp.h; path = game.hpp; sourceTree = "<group>"; };
		8C522B31253678DA00ECA0D6 /* light.cpp */ = {isa = PBXFileReference; fileEncoding = 4; lastKnownFileType = sourcecode.cpp.cpp; path = light.cpp; sourceTree = "<group>"; };
		8C522B32253678DA00ECA0D6 /* system.hpp */ = {isa = PBXFileReference; fileEncoding = 4; lastKnownFileType = sourcecode.cpp.h; path = system.hpp; sourceTree = "<group>"; };
		8C522B33253678DA00ECA0D6 /* BulletMinimal.h */ = {isa = PBXFileReference; fileEncoding = 4; lastKnownFileType = sourcecode.c.h; path = BulletMinimal.h; sourceTree = "<group>"; };
		8C522B34253678DA00ECA0D6 /* shader.cpp */ = {isa = PBXFileReference; fileEncoding = 4; lastKnownFileType = sourcecode.cpp.cpp; path = shader.cpp; sourceTree = "<group>"; };
		8C522B35253678DA00ECA0D6 /* component.hpp */ = {isa = PBXFileReference; fileEncoding = 4; lastKnownFileType = sourcecode.cpp.h; path = component.hpp; sourceTree = "<group>"; };
		8C522B36253678DA00ECA0D6 /* light.hpp */ = {isa = PBXFileReference; fileEncoding = 4; lastKnownFileType = sourcecode.cpp.h; path = light.hpp; sourceTree = "<group>"; };
		8C522B37253678DA00ECA0D6 /* shader.hpp */ = {isa = PBXFileReference; fileEncoding = 4; lastKnownFileType = sourcecode.cpp.h; path = shader.hpp; sourceTree = "<group>"; };
		8C522B38253678DA00ECA0D6 /* terrain.cpp */ = {isa = PBXFileReference; fileEncoding = 4; lastKnownFileType = sourcecode.cpp.cpp; path = terrain.cpp; sourceTree = "<group>"; };
		8C522B39253678DA00ECA0D6 /* cube.cpp */ = {isa = PBXFileReference; fileEncoding = 4; lastKnownFileType = sourcecode.cpp.cpp; path = cube.cpp; sourceTree = "<group>"; };
		8C522B3A253678DA00ECA0D6 /* Common.hpp */ = {isa = PBXFileReference; fileEncoding = 4; lastKnownFileType = sourcecode.cpp.h; path = Common.hpp; sourceTree = "<group>"; };
		8C522B3B253678DA00ECA0D6 /* program.hpp */ = {isa = PBXFileReference; fileEncoding = 4; lastKnownFileType = sourcecode.cpp.h; path = program.hpp; sourceTree = "<group>"; };
		8C522B3C253678DA00ECA0D6 /* material.cpp */ = {isa = PBXFileReference; fileEncoding = 4; lastKnownFileType = sourcecode.cpp.cpp; path = material.cpp; sourceTree = "<group>"; };
		8C522B3D253678DA00ECA0D6 /* BulletDebugDraw.cpp */ = {isa = PBXFileReference; fileEncoding = 4; lastKnownFileType = sourcecode.cpp.cpp; path = BulletDebugDraw.cpp; sourceTree = "<group>"; };
		8C522B3E253678DA00ECA0D6 /* main.cpp */ = {isa = PBXFileReference; fileEncoding = 4; lastKnownFileType = sourcecode.cpp.cpp; path = main.cpp; sourceTree = "<group>"; };
		8C522B3F253678DA00ECA0D6 /* scene.hpp */ = {isa = PBXFileReference; fileEncoding = 4; lastKnownFileType = sourcecode.cpp.h; path = scene.hpp; sourceTree = "<group>"; };
		8C522B40253678DA00ECA0D6 /* game.cpp */ = {isa = PBXFileReference; fileEncoding = 4; lastKnownFileType = sourcecode.cpp.cpp; path = game.cpp; sourceTree = "<group>"; };
		8C522B41253678DA00ECA0D6 /* entity.hpp */ = {isa = PBXFileReference; fileEncoding = 4; lastKnownFileType = sourcecode.cpp.h; path = entity.hpp; sourceTree = "<group>"; };
		8C522B42253678DA00ECA0D6 /* camera.hpp */ = {isa = PBXFileReference; fileEncoding = 4; lastKnownFileType = sourcecode.cpp.h; path = camera.hpp; sourceTree = "<group>"; };
		8C522B5E2536793500ECA0D6 /* imgui.h */ = {isa = PBXFileReference; fileEncoding = 4; lastKnownFileType = sourcecode.c.h; path = imgui.h; sourceTree = "<group>"; };
		8C522B5F2536793500ECA0D6 /* imstb_textedit.h */ = {isa = PBXFileReference; fileEncoding = 4; lastKnownFileType = sourcecode.c.h; path = imstb_textedit.h; sourceTree = "<group>"; };
		8C522B602536793500ECA0D6 /* imconfig.h */ = {isa = PBXFileReference; fileEncoding = 4; lastKnownFileType = sourcecode.c.h; path = imconfig.h; sourceTree = "<group>"; };
		8C522B612536793500ECA0D6 /* imgui_widgets.cpp */ = {isa = PBXFileReference; fileEncoding = 4; lastKnownFileType = sourcecode.cpp.cpp; path = imgui_widgets.cpp; sourceTree = "<group>"; };
		8C522B622536793500ECA0D6 /* imstb_truetype.h */ = {isa = PBXFileReference; fileEncoding = 4; lastKnownFileType = sourcecode.c.h; path = imstb_truetype.h; sourceTree = "<group>"; };
		8C522B632536793500ECA0D6 /* imgui_impl_opengl3.h */ = {isa = PBXFileReference; fileEncoding = 4; lastKnownFileType = sourcecode.c.h; path = imgui_impl_opengl3.h; sourceTree = "<group>"; };
		8C522B642536793500ECA0D6 /* stb_image.h */ = {isa = PBXFileReference; fileEncoding = 4; lastKnownFileType = sourcecode.c.h; path = stb_image.h; sourceTree = "<group>"; };
		8C522B652536793500ECA0D6 /* imgui.cpp */ = {isa = PBXFileReference; fileEncoding = 4; lastKnownFileType = sourcecode.cpp.cpp; path = imgui.cpp; sourceTree = "<group>"; };
		8C522B662536793500ECA0D6 /* imgui_internal.h */ = {isa = PBXFileReference; fileEncoding = 4; lastKnownFileType = sourcecode.c.h; path = imgui_internal.h; sourceTree = "<group>"; };
		8C522B672536793500ECA0D6 /* imgui_impl_glfw.h */ = {isa = PBXFileReference; fileEncoding = 4; lastKnownFileType = sourcecode.c.h; path = imgui_impl_glfw.h; sourceTree = "<group>"; };
		8C522B682536793500ECA0D6 /* imgui_impl_opengl3.cpp */ = {isa = PBXFileReference; fileEncoding = 4; lastKnownFileType = sourcecode.cpp.cpp; path = imgui_impl_opengl3.cpp; sourceTree = "<group>"; };
		8C522B692536793500ECA0D6 /* imstb_rectpack.h */ = {isa = PBXFileReference; fileEncoding = 4; lastKnownFileType = sourcecode.c.h; path = imstb_rectpack.h; sourceTree = "<group>"; };
		8C522B6A2536793500ECA0D6 /* imgui_impl_glfw.cpp */ = {isa = PBXFileReference; fileEncoding = 4; lastKnownFileType = sourcecode.cpp.cpp; path = imgui_impl_glfw.cpp; sourceTree = "<group>"; };
		8C522B6B2536793500ECA0D6 /* imgui_demo.cpp */ = {isa = PBXFileReference; fileEncoding = 4; lastKnownFileType = sourcecode.cpp.cpp; path = imgui_demo.cpp; sourceTree = "<group>"; };
		8C522B6C2536793500ECA0D6 /* imgui_draw.cpp */ = {isa = PBXFileReference; fileEncoding = 4; lastKnownFileType = sourcecode.cpp.cpp; path = imgui_draw.cpp; sourceTree = "<group>"; };
		8C522B8D25367BE900ECA0D6 /* knight.obj */ = {isa = PBXFileReference; fileEncoding = 4; lastKnownFileType = text; path = knight.obj; sourceTree = "<group>"; };
		8C522B8E25367BE900ECA0D6 /* metal.jpg */ = {isa = PBXFileReference; lastKnownFileType = image.jpeg; path = metal.jpg; sourceTree = "<group>"; };
		8C522B8F25367BE900ECA0D6 /* beach.png */ = {isa = PBXFileReference; lastKnownFileType = image.png; path = beach.png; sourceTree = "<group>"; };
		8C522B9025367BE900ECA0D6 /* grass.png */ = {isa = PBXFileReference; lastKnownFileType = image.png; path = grass.png; sourceTree = "<group>"; };
		8C522B9125367BE900ECA0D6 /* starnight.jpg */ = {isa = PBXFileReference; lastKnownFileType = image.jpeg; path = starnight.jpg; sourceTree = "<group>"; };
		8C522B9225367BE900ECA0D6 /* daylight.png */ = {isa = PBXFileReference; lastKnownFileType = image.png; path = daylight.png; sourceTree = "<group>"; };
		8C522B9325367BE900ECA0D6 /* brick.jpg */ = {isa = PBXFileReference; lastKnownFileType = image.jpeg; path = brick.jpg; sourceTree = "<group>"; };
/* End PBXFileReference section */

/* Begin PBXFrameworksBuildPhase section */
		8C522B242536773700ECA0D6 /* Frameworks */ = {
			isa = PBXFrameworksBuildPhase;
			buildActionMask = 2147483647;
			files = (
				8C522B27253677AF00ECA0D6 /* OpenGL.framework in Frameworks */,
			);
			runOnlyForDeploymentPostprocessing = 0;
		};
/* End PBXFrameworksBuildPhase section */

/* Begin PBXGroup section */
		8C522B1E253676E000ECA0D6 /* shaders */ = {
			isa = PBXGroup;
			children = (
				8C522B1F253676E000ECA0D6 /* glitched_diffuse.frag */,
				8C522B20253676E000ECA0D6 /* diffuse.frag */,
				8C522B21253676E000ECA0D6 /* simple.vert */,
				8C522B22253676E000ECA0D6 /* flat.frag */,
				8C522B23253676E000ECA0D6 /* instanced.vert */,
			);
			path = shaders;
			sourceTree = "<group>";
		};
		8C522B25253677AE00ECA0D6 /* Frameworks */ = {
			isa = PBXGroup;
			children = (
				8C522B26253677AF00ECA0D6 /* OpenGL.framework */,
			);
			name = Frameworks;
			sourceTree = "<group>";
		};
		8C522B28253678DA00ECA0D6 /* src */ = {
			isa = PBXGroup;
			children = (
				8C522B29253678DA00ECA0D6 /* terrain.hpp */,
				8C522B2A253678DA00ECA0D6 /* BulletMain.h */,
				8C522B2B253678DA00ECA0D6 /* cube.hpp */,
				8C522B2C253678DA00ECA0D6 /* program.cpp */,
				8C522B2D253678DA00ECA0D6 /* material.hpp */,
				8C522B2E253678DA00ECA0D6 /* BulletDebugDraw.hpp */,
				8C522B2F253678DA00ECA0D6 /* scene.cpp */,
				8C522B30253678DA00ECA0D6 /* game.hpp */,
				8C522B31253678DA00ECA0D6 /* light.cpp */,
				8C522B32253678DA00ECA0D6 /* system.hpp */,
				8C522B33253678DA00ECA0D6 /* BulletMinimal.h */,
				8C522B34253678DA00ECA0D6 /* shader.cpp */,
				8C522B35253678DA00ECA0D6 /* component.hpp */,
				8C522B36253678DA00ECA0D6 /* light.hpp */,
				8C522B37253678DA00ECA0D6 /* shader.hpp */,
				8C522B38253678DA00ECA0D6 /* terrain.cpp */,
				8C522B39253678DA00ECA0D6 /* cube.cpp */,
				8C522B3A253678DA00ECA0D6 /* Common.hpp */,
				8C522B3B253678DA00ECA0D6 /* program.hpp */,
				8C522B3C253678DA00ECA0D6 /* material.cpp */,
				8C522B3D253678DA00ECA0D6 /* BulletDebugDraw.cpp */,
				8C522B3E253678DA00ECA0D6 /* main.cpp */,
				8C522B3F253678DA00ECA0D6 /* scene.hpp */,
				8C522B40253678DA00ECA0D6 /* game.cpp */,
				8C522B41253678DA00ECA0D6 /* entity.hpp */,
				8C522B42253678DA00ECA0D6 /* camera.hpp */,
			);
			name = src;
			path = AtmosphericEngine/src;
			sourceTree = "<group>";
		};
		8C522B5D2536793500ECA0D6 /* include */ = {
			isa = PBXGroup;
			children = (
				8C522B5E2536793500ECA0D6 /* imgui.h */,
				8C522B5F2536793500ECA0D6 /* imstb_textedit.h */,
				8C522B602536793500ECA0D6 /* imconfig.h */,
				8C522B612536793500ECA0D6 /* imgui_widgets.cpp */,
				8C522B622536793500ECA0D6 /* imstb_truetype.h */,
				8C522B632536793500ECA0D6 /* imgui_impl_opengl3.h */,
				8C522B642536793500ECA0D6 /* stb_image.h */,
				8C522B652536793500ECA0D6 /* imgui.cpp */,
				8C522B662536793500ECA0D6 /* imgui_internal.h */,
				8C522B672536793500ECA0D6 /* imgui_impl_glfw.h */,
				8C522B682536793500ECA0D6 /* imgui_impl_opengl3.cpp */,
				8C522B692536793500ECA0D6 /* imstb_rectpack.h */,
				8C522B6A2536793500ECA0D6 /* imgui_impl_glfw.cpp */,
				8C522B6B2536793500ECA0D6 /* imgui_demo.cpp */,
				8C522B6C2536793500ECA0D6 /* imgui_draw.cpp */,
			);
			name = include;
			path = AtmosphericEngine/include;
			sourceTree = "<group>";
		};
		8C522B8C25367BE900ECA0D6 /* resources */ = {
			isa = PBXGroup;
			children = (
				8C522B8D25367BE900ECA0D6 /* knight.obj */,
				8C522B8E25367BE900ECA0D6 /* metal.jpg */,
				8C522B8F25367BE900ECA0D6 /* beach.png */,
				8C522B9025367BE900ECA0D6 /* grass.png */,
				8C522B9125367BE900ECA0D6 /* starnight.jpg */,
				8C522B9225367BE900ECA0D6 /* daylight.png */,
				8C522B9325367BE900ECA0D6 /* brick.jpg */,
			);
			path = resources;
			sourceTree = "<group>";
		};
		BA0AA402FF184AC0ACD2D0D4 /* AtmosphericEngine */ = {
			isa = PBXGroup;
			children = (
				8C522B8C25367BE900ECA0D6 /* resources */,
				8C522B5D2536793500ECA0D6 /* include */,
				8C522B28253678DA00ECA0D6 /* src */,
				8C522B1E253676E000ECA0D6 /* shaders */,
			);
			name = AtmosphericEngine;
			sourceTree = "<group>";
		};
		F0C5F762EBE746A99075EAD1 /* Products */ = {
			isa = PBXGroup;
			children = (
				6E767526ADB04277A296509C /* AtmosphericEngine */,
			);
			name = Products;
			sourceTree = "<group>";
		};
		FC9BE54BB2104D329CB71E78 = {
			isa = PBXGroup;
			children = (
				BA0AA402FF184AC0ACD2D0D4 /* AtmosphericEngine */,
				F0C5F762EBE746A99075EAD1 /* Products */,
				8C522B25253677AE00ECA0D6 /* Frameworks */,
			);
			sourceTree = "<group>";
		};
/* End PBXGroup section */

/* Begin PBXNativeTarget section */
		22F63ECFF62B4D3E9EB563AA /* AtmosphericEngine */ = {
			isa = PBXNativeTarget;
			buildConfigurationList = AC9557810F8844B3BCB452C8 /* Build configuration list for PBXNativeTarget "AtmosphericEngine" */;
			buildPhases = (
				6A56AD77955F42B0A1E649B5 /* Sources */,
				8C522B242536773700ECA0D6 /* Frameworks */,
				8C522B7C25367B0F00ECA0D6 /* CopyFiles */,
				8C522B9A25367C1900ECA0D6 /* CopyFiles */,
			);
			buildRules = (
			);
			dependencies = (
			);
			name = AtmosphericEngine;
			productName = AtmosphericEngine;
			productReference = 6E767526ADB04277A296509C /* AtmosphericEngine */;
			productType = "com.apple.product-type.tool";
		};
/* End PBXNativeTarget section */

/* Begin PBXProject section */
		76883C051BED4C019CC4DD60 /* Project object */ = {
			isa = PBXProject;
			attributes = {
				BuildIndependentTargetsInParallel = YES;
				LastUpgradeCheck = 1010;
			};
			buildConfigurationList = 1252E108312B4D94956CD813 /* Build configuration list for PBXProject "AtmosphericEngine" */;
			compatibilityVersion = "Xcode 3.2";
			developmentRegion = en;
			hasScannedForEncodings = 0;
			knownRegions = (
				en,
			);
			mainGroup = FC9BE54BB2104D329CB71E78;
			projectDirPath = ../;
			projectRoot = "";
			targets = (
				DF14C13F2233443BB3852576 /* ALL_BUILD */,
				22F63ECFF62B4D3E9EB563AA /* AtmosphericEngine */,
				279C3CAB02E34E92B24718A9 /* ZERO_CHECK */,
			);
		};
/* End PBXProject section */

/* Begin PBXShellScriptBuildPhase section */
		028795DE2BDF4624BCDD3697 /* CMake Rules */ = {
			isa = PBXShellScriptBuildPhase;
			buildActionMask = 2147483647;
			files = (
			);
			name = "CMake Rules";
			runOnlyForDeploymentPostprocessing = 0;
			shellPath = /bin/sh;
			shellScript = "make -C /Users/elite/Desktop/code/C_C++/AtmosphericEngine/xcode -f /Users/elite/Desktop/code/C_C++/AtmosphericEngine/xcode/CMakeScripts/ALL_BUILD_cmakeRulesBuildPhase.make$CONFIGURATION OBJDIR=$(basename \"$OBJECT_FILE_DIR_normal\") all";
			showEnvVarsInLog = 0;
		};
		68AB124066C340B5A80A5DE9 /* CMake Rules */ = {
			isa = PBXShellScriptBuildPhase;
			buildActionMask = 2147483647;
			files = (
			);
			name = "CMake Rules";
			runOnlyForDeploymentPostprocessing = 0;
			shellPath = /bin/sh;
			shellScript = "make -C /Users/elite/Desktop/code/C_C++/AtmosphericEngine/xcode -f /Users/elite/Desktop/code/C_C++/AtmosphericEngine/xcode/CMakeScripts/ZERO_CHECK_cmakeRulesBuildPhase.make$CONFIGURATION OBJDIR=$(basename \"$OBJECT_FILE_DIR_normal\") all";
			showEnvVarsInLog = 0;
		};
/* End PBXShellScriptBuildPhase section */

/* Begin PBXSourcesBuildPhase section */
		6A56AD77955F42B0A1E649B5 /* Sources */ = {
			isa = PBXSourcesBuildPhase;
			buildActionMask = 2147483647;
			files = (
				8C522B702536793500ECA0D6 /* imgui_widgets.cpp in Sources */,
				8C522B52253678DA00ECA0D6 /* terrain.cpp in Sources */,
				8C522B57253678DA00ECA0D6 /* BulletDebugDraw.cpp in Sources */,
				8C522B772536793500ECA0D6 /* imgui_impl_opengl3.cpp in Sources */,
				8C522B58253678DA00ECA0D6 /* main.cpp in Sources */,
				8C522B5A253678DA00ECA0D6 /* game.cpp in Sources */,
				8C522B742536793500ECA0D6 /* imgui.cpp in Sources */,
				8C522B7B2536793500ECA0D6 /* imgui_draw.cpp in Sources */,
				8C522B792536793500ECA0D6 /* imgui_impl_glfw.cpp in Sources */,
				8C522B7A2536793500ECA0D6 /* imgui_demo.cpp in Sources */,
				8C522B49253678DA00ECA0D6 /* scene.cpp in Sources */,
				8C522B56253678DA00ECA0D6 /* material.cpp in Sources */,
				8C522B53253678DA00ECA0D6 /* cube.cpp in Sources */,
				8C522B46253678DA00ECA0D6 /* program.cpp in Sources */,
				8C522B4E253678DA00ECA0D6 /* shader.cpp in Sources */,
				8C522B4B253678DA00ECA0D6 /* light.cpp in Sources */,
			);
			runOnlyForDeploymentPostprocessing = 0;
		};
/* End PBXSourcesBuildPhase section */

/* Begin PBXTargetDependency section */
		686001D9A3B94A2ABE0ADBAB /* PBXTargetDependency */ = {
			isa = PBXTargetDependency;
			target = 279C3CAB02E34E92B24718A9 /* ZERO_CHECK */;
			targetProxy = 9C3275CC9F88433B87BBD347 /* PBXContainerItemProxy */;
		};
		C20B0901FE4140DBB1F4BD5D /* PBXTargetDependency */ = {
			isa = PBXTargetDependency;
			target = 22F63ECFF62B4D3E9EB563AA /* AtmosphericEngine */;
			targetProxy = 0A968FBE5643493C94C27B3C /* PBXContainerItemProxy */;
		};
/* End PBXTargetDependency section */

/* Begin XCBuildConfiguration section */
		13E8BD12C8E84AB3B668ABF9 /* MinSizeRel */ = {
			isa = XCBuildConfiguration;
			buildSettings = {
				COMBINE_HIDPI_IMAGES = YES;
				GCC_GENERATE_DEBUGGING_SYMBOLS = YES;
				GCC_INLINES_ARE_PRIVATE_EXTERN = NO;
				GCC_OPTIMIZATION_LEVEL = 0;
				GCC_PREPROCESSOR_DEFINITIONS = "'CMAKE_INTDIR=\"$(CONFIGURATION)$(EFFECTIVE_PLATFORM_NAME)\"'";
				GCC_SYMBOLS_PRIVATE_EXTERN = NO;
				INSTALL_PATH = "";
				OTHER_LDFLAGS = " ";
				OTHER_REZFLAGS = "";
				PRODUCT_NAME = ZERO_CHECK;
				SECTORDER_FLAGS = "";
				SYMROOT = "/Users/elite/Desktop/code/C_C++/AtmosphericEngine/xcode";
				USE_HEADERMAP = NO;
				WARNING_CFLAGS = (
					"-Wmost",
					"-Wno-four-char-constants",
					"-Wno-unknown-pragmas",
					"$(inherited)",
				);
			};
			name = MinSizeRel;
		};
		18241C67CBCD4BB29DFFFF37 /* MinSizeRel */ = {
			isa = XCBuildConfiguration;
			buildSettings = {
				COMBINE_HIDPI_IMAGES = YES;
				EXECUTABLE_PREFIX = "";
				EXECUTABLE_SUFFIX = "";
				GCC_GENERATE_DEBUGGING_SYMBOLS = NO;
				GCC_INLINES_ARE_PRIVATE_EXTERN = NO;
				GCC_OPTIMIZATION_LEVEL = s;
				GCC_PREPROCESSOR_DEFINITIONS = "'CMAKE_INTDIR=\"$(CONFIGURATION)$(EFFECTIVE_PLATFORM_NAME)\"'";
				GCC_SYMBOLS_PRIVATE_EXTERN = NO;
				HEADER_SEARCH_PATHS = (
					"/Users/elite/Desktop/code/C_C++/AtmosphericEngine/include",
					/usr/local/include/bullet,
					/usr/local/include,
				);
				INCLUDED_SOURCE_FILE_NAMES = "";
				INSTALL_PATH = "";
				LIBRARY_SEARCH_PATHS = /usr/local/lib;
				OTHER_CPLUSPLUSFLAGS = (
					"-DNDEBUG",
					"'-std=gnu++1z'",
				);
				OTHER_LDFLAGS = (
					"-Wl,-search_paths_first",
					"-Wl,-headerpad_max_install_names",
					"-lGLEW",
					"-lGLFW",
					"-lbulletdynamics",
					"-llinearmath",
					"-lbulletcollision",
					"-framework",
					OpenGL,
				);
				OTHER_REZFLAGS = "";
				PRODUCT_NAME = AtmosphericEngine;
				SECTORDER_FLAGS = "";
				SYMROOT = "/Users/elite/Desktop/code/C_C++/AtmosphericEngine/build";
				USE_HEADERMAP = NO;
				WARNING_CFLAGS = (
					"-Wmost",
					"-Wno-four-char-constants",
					"-Wno-unknown-pragmas",
					"$(inherited)",
				);
			};
			name = MinSizeRel;
		};
		2333865521E744B5BAD3C421 /* RelWithDebInfo */ = {
			isa = XCBuildConfiguration;
			buildSettings = {
				COMBINE_HIDPI_IMAGES = YES;
				GCC_GENERATE_DEBUGGING_SYMBOLS = YES;
				GCC_INLINES_ARE_PRIVATE_EXTERN = NO;
				GCC_OPTIMIZATION_LEVEL = 0;
				GCC_PREPROCESSOR_DEFINITIONS = "'CMAKE_INTDIR=\"$(CONFIGURATION)$(EFFECTIVE_PLATFORM_NAME)\"'";
				GCC_SYMBOLS_PRIVATE_EXTERN = NO;
				INSTALL_PATH = "";
				OTHER_LDFLAGS = " ";
				OTHER_REZFLAGS = "";
				PRODUCT_NAME = ALL_BUILD;
				SECTORDER_FLAGS = "";
				SYMROOT = "/Users/elite/Desktop/code/C_C++/AtmosphericEngine/xcode";
				USE_HEADERMAP = NO;
				WARNING_CFLAGS = (
					"-Wmost",
					"-Wno-four-char-constants",
					"-Wno-unknown-pragmas",
					"$(inherited)",
				);
			};
			name = RelWithDebInfo;
		};
		56BD9DA07A8E48839569D2A9 /* RelWithDebInfo */ = {
			isa = XCBuildConfiguration;
			buildSettings = {
				MACOSX_DEPLOYMENT_TARGET = 10.13;
				ONLY_ACTIVE_ARCH = YES;
				SDKROOT = /Applications/Xcode.app/Contents/Developer/Platforms/MacOSX.platform/Developer/SDKs/MacOSX10.14.sdk;
				SYMROOT = "/Users/elite/Desktop/code/C_C++/AtmosphericEngine/xcode/build";
			};
			name = RelWithDebInfo;
		};
		6FEAB2CE7D704B7587C3ECB3 /* Release */ = {
			isa = XCBuildConfiguration;
			buildSettings = {
				MACOSX_DEPLOYMENT_TARGET = 10.13;
				ONLY_ACTIVE_ARCH = YES;
				SDKROOT = /Applications/Xcode.app/Contents/Developer/Platforms/MacOSX.platform/Developer/SDKs/MacOSX10.14.sdk;
				SYMROOT = "/Users/elite/Desktop/code/C_C++/AtmosphericEngine/xcode/build";
			};
			name = Release;
		};
		92CC1F4DAF264A4F9C9E8654 /* RelWithDebInfo */ = {
			isa = XCBuildConfiguration;
			buildSettings = {
				COMBINE_HIDPI_IMAGES = YES;
				GCC_GENERATE_DEBUGGING_SYMBOLS = YES;
				GCC_INLINES_ARE_PRIVATE_EXTERN = NO;
				GCC_OPTIMIZATION_LEVEL = 0;
				GCC_PREPROCESSOR_DEFINITIONS = "'CMAKE_INTDIR=\"$(CONFIGURATION)$(EFFECTIVE_PLATFORM_NAME)\"'";
				GCC_SYMBOLS_PRIVATE_EXTERN = NO;
				INSTALL_PATH = "";
				OTHER_LDFLAGS = " ";
				OTHER_REZFLAGS = "";
				PRODUCT_NAME = ZERO_CHECK;
				SECTORDER_FLAGS = "";
				SYMROOT = "/Users/elite/Desktop/code/C_C++/AtmosphericEngine/xcode";
				USE_HEADERMAP = NO;
				WARNING_CFLAGS = (
					"-Wmost",
					"-Wno-four-char-constants",
					"-Wno-unknown-pragmas",
					"$(inherited)",
				);
			};
			name = RelWithDebInfo;
		};
		9CE041B1B012498E87CD676B /* Debug */ = {
			isa = XCBuildConfiguration;
			buildSettings = {
				MACOSX_DEPLOYMENT_TARGET = 10.13;
				ONLY_ACTIVE_ARCH = YES;
				SDKROOT = /Applications/Xcode.app/Contents/Developer/Platforms/MacOSX.platform/Developer/SDKs/MacOSX10.14.sdk;
				SYMROOT = "/Users/elite/Desktop/code/C_C++/AtmosphericEngine/xcode/build";
			};
			name = Debug;
		};
		A937F1C4B2D94992BA7D7DAD /* Release */ = {
			isa = XCBuildConfiguration;
			buildSettings = {
				COMBINE_HIDPI_IMAGES = YES;
				GCC_GENERATE_DEBUGGING_SYMBOLS = YES;
				GCC_INLINES_ARE_PRIVATE_EXTERN = NO;
				GCC_OPTIMIZATION_LEVEL = 0;
				GCC_PREPROCESSOR_DEFINITIONS = "'CMAKE_INTDIR=\"$(CONFIGURATION)$(EFFECTIVE_PLATFORM_NAME)\"'";
				GCC_SYMBOLS_PRIVATE_EXTERN = NO;
				INSTALL_PATH = "";
				OTHER_LDFLAGS = " ";
				OTHER_REZFLAGS = "";
				PRODUCT_NAME = ALL_BUILD;
				SECTORDER_FLAGS = "";
				SYMROOT = "/Users/elite/Desktop/code/C_C++/AtmosphericEngine/xcode";
				USE_HEADERMAP = NO;
				WARNING_CFLAGS = (
					"-Wmost",
					"-Wno-four-char-constants",
					"-Wno-unknown-pragmas",
					"$(inherited)",
				);
			};
			name = Release;
		};
		A99EC1F7745E4457A5583B32 /* Debug */ = {
			isa = XCBuildConfiguration;
			buildSettings = {
				COMBINE_HIDPI_IMAGES = YES;
				EXECUTABLE_PREFIX = "";
				EXECUTABLE_SUFFIX = "";
				GCC_GENERATE_DEBUGGING_SYMBOLS = YES;
				GCC_INLINES_ARE_PRIVATE_EXTERN = NO;
				GCC_OPTIMIZATION_LEVEL = 0;
				GCC_PREPROCESSOR_DEFINITIONS = "'CMAKE_INTDIR=\"$(CONFIGURATION)$(EFFECTIVE_PLATFORM_NAME)\"'";
				GCC_SYMBOLS_PRIVATE_EXTERN = NO;
				HEADER_SEARCH_PATHS = (
					"/Users/elite/Desktop/code/C_C++/AtmosphericEngine/include",
					/usr/local/include/bullet,
					/usr/local/include,
				);
				INCLUDED_SOURCE_FILE_NAMES = "";
				INSTALL_PATH = "";
				LIBRARY_SEARCH_PATHS = /usr/local/lib;
				OTHER_CPLUSPLUSFLAGS = "   '-std=gnu++1z'  ";
				OTHER_LDFLAGS = (
					"-Wl,-search_paths_first",
					"-Wl,-headerpad_max_install_names",
					"-lGLEW",
					"-lGLFW",
					"-lbulletdynamics",
					"-llinearmath",
					"-lbulletcollision",
					"-framework",
					OpenGL,
				);
				OTHER_REZFLAGS = "";
				PRODUCT_NAME = AtmosphericEngine;
				SECTORDER_FLAGS = "";
				SYMROOT = "/Users/elite/Desktop/code/C_C++/AtmosphericEngine/build";
				USE_HEADERMAP = NO;
				WARNING_CFLAGS = (
					"-Wmost",
					"-Wno-four-char-constants",
					"-Wno-unknown-pragmas",
					"$(inherited)",
				);
			};
			name = Debug;
		};
		B569F08B7DF44CE1886A5088 /* RelWithDebInfo */ = {
			isa = XCBuildConfiguration;
			buildSettings = {
				COMBINE_HIDPI_IMAGES = YES;
				EXECUTABLE_PREFIX = "";
				EXECUTABLE_SUFFIX = "";
				GCC_GENERATE_DEBUGGING_SYMBOLS = YES;
				GCC_INLINES_ARE_PRIVATE_EXTERN = NO;
				GCC_OPTIMIZATION_LEVEL = 2;
				GCC_PREPROCESSOR_DEFINITIONS = "'CMAKE_INTDIR=\"$(CONFIGURATION)$(EFFECTIVE_PLATFORM_NAME)\"'";
				GCC_SYMBOLS_PRIVATE_EXTERN = NO;
				HEADER_SEARCH_PATHS = (
					"/Users/elite/Desktop/code/C_C++/AtmosphericEngine/include",
					/usr/local/include/bullet,
					/usr/local/include,
				);
				INCLUDED_SOURCE_FILE_NAMES = "";
				INSTALL_PATH = "";
				LIBRARY_SEARCH_PATHS = /usr/local/lib;
				OTHER_CPLUSPLUSFLAGS = (
					"-DNDEBUG",
					"'-std=gnu++1z'",
				);
				OTHER_LDFLAGS = (
					"-Wl,-search_paths_first",
					"-Wl,-headerpad_max_install_names",
					"-lGLEW",
					"-lGLFW",
					"-lbulletdynamics",
					"-llinearmath",
					"-lbulletcollision",
					"-framework",
					OpenGL,
				);
				OTHER_REZFLAGS = "";
				PRODUCT_NAME = AtmosphericEngine;
				SECTORDER_FLAGS = "";
				SYMROOT = "/Users/elite/Desktop/code/C_C++/AtmosphericEngine/build";
				USE_HEADERMAP = NO;
				WARNING_CFLAGS = (
					"-Wmost",
					"-Wno-four-char-constants",
					"-Wno-unknown-pragmas",
					"$(inherited)",
				);
			};
			name = RelWithDebInfo;
		};
		C92C45EC89E84DFDA8EB0F1B /* Release */ = {
			isa = XCBuildConfiguration;
			buildSettings = {
				COMBINE_HIDPI_IMAGES = YES;
				GCC_GENERATE_DEBUGGING_SYMBOLS = YES;
				GCC_INLINES_ARE_PRIVATE_EXTERN = NO;
				GCC_OPTIMIZATION_LEVEL = 0;
				GCC_PREPROCESSOR_DEFINITIONS = "'CMAKE_INTDIR=\"$(CONFIGURATION)$(EFFECTIVE_PLATFORM_NAME)\"'";
				GCC_SYMBOLS_PRIVATE_EXTERN = NO;
				INSTALL_PATH = "";
				OTHER_LDFLAGS = " ";
				OTHER_REZFLAGS = "";
				PRODUCT_NAME = ZERO_CHECK;
				SECTORDER_FLAGS = "";
				SYMROOT = "/Users/elite/Desktop/code/C_C++/AtmosphericEngine/xcode";
				USE_HEADERMAP = NO;
				WARNING_CFLAGS = (
					"-Wmost",
					"-Wno-four-char-constants",
					"-Wno-unknown-pragmas",
					"$(inherited)",
				);
			};
			name = Release;
		};
		D61F78964DE84CAE94B1D95E /* Release */ = {
			isa = XCBuildConfiguration;
			buildSettings = {
				COMBINE_HIDPI_IMAGES = YES;
				EXECUTABLE_PREFIX = "";
				EXECUTABLE_SUFFIX = "";
				GCC_GENERATE_DEBUGGING_SYMBOLS = NO;
				GCC_INLINES_ARE_PRIVATE_EXTERN = NO;
				GCC_OPTIMIZATION_LEVEL = 3;
				GCC_PREPROCESSOR_DEFINITIONS = "'CMAKE_INTDIR=\"$(CONFIGURATION)$(EFFECTIVE_PLATFORM_NAME)\"'";
				GCC_SYMBOLS_PRIVATE_EXTERN = NO;
				HEADER_SEARCH_PATHS = (
					"/Users/elite/Desktop/code/C_C++/AtmosphericEngine/include",
					/usr/local/include/bullet,
					/usr/local/include,
				);
				INCLUDED_SOURCE_FILE_NAMES = "";
				INSTALL_PATH = "";
				LIBRARY_SEARCH_PATHS = /usr/local/lib;
				OTHER_CPLUSPLUSFLAGS = (
					"-DNDEBUG",
					"'-std=gnu++1z'",
				);
				OTHER_LDFLAGS = (
					"-Wl,-search_paths_first",
					"-Wl,-headerpad_max_install_names",
					"-lGLEW",
					"-lGLFW",
					"-lbulletdynamics",
					"-llinearmath",
					"-lbulletcollision",
					"-framework",
					OpenGL,
				);
				OTHER_REZFLAGS = "";
				PRODUCT_NAME = AtmosphericEngine;
				SECTORDER_FLAGS = "";
				SYMROOT = "/Users/elite/Desktop/code/C_C++/AtmosphericEngine/build";
				USE_HEADERMAP = NO;
				WARNING_CFLAGS = (
					"-Wmost",
					"-Wno-four-char-constants",
					"-Wno-unknown-pragmas",
					"$(inherited)",
				);
			};
			name = Release;
		};
		DAC3B4150EFD44328235F096 /* Debug */ = {
			isa = XCBuildConfiguration;
			buildSettings = {
				COMBINE_HIDPI_IMAGES = YES;
				GCC_GENERATE_DEBUGGING_SYMBOLS = YES;
				GCC_INLINES_ARE_PRIVATE_EXTERN = NO;
				GCC_OPTIMIZATION_LEVEL = 0;
				GCC_PREPROCESSOR_DEFINITIONS = "'CMAKE_INTDIR=\"$(CONFIGURATION)$(EFFECTIVE_PLATFORM_NAME)\"'";
				GCC_SYMBOLS_PRIVATE_EXTERN = NO;
				INSTALL_PATH = "";
				OTHER_LDFLAGS = " ";
				OTHER_REZFLAGS = "";
				PRODUCT_NAME = ZERO_CHECK;
				SECTORDER_FLAGS = "";
				SYMROOT = "/Users/elite/Desktop/code/C_C++/AtmosphericEngine/xcode";
				USE_HEADERMAP = NO;
				WARNING_CFLAGS = (
					"-Wmost",
					"-Wno-four-char-constants",
					"-Wno-unknown-pragmas",
					"$(inherited)",
				);
			};
			name = Debug;
		};
		E4593DF79DBB4FF0AD841F51 /* MinSizeRel */ = {
			isa = XCBuildConfiguration;
			buildSettings = {
				COMBINE_HIDPI_IMAGES = YES;
				GCC_GENERATE_DEBUGGING_SYMBOLS = YES;
				GCC_INLINES_ARE_PRIVATE_EXTERN = NO;
				GCC_OPTIMIZATION_LEVEL = 0;
				GCC_PREPROCESSOR_DEFINITIONS = "'CMAKE_INTDIR=\"$(CONFIGURATION)$(EFFECTIVE_PLATFORM_NAME)\"'";
				GCC_SYMBOLS_PRIVATE_EXTERN = NO;
				INSTALL_PATH = "";
				OTHER_LDFLAGS = " ";
				OTHER_REZFLAGS = "";
				PRODUCT_NAME = ALL_BUILD;
				SECTORDER_FLAGS = "";
				SYMROOT = "/Users/elite/Desktop/code/C_C++/AtmosphericEngine/xcode";
				USE_HEADERMAP = NO;
				WARNING_CFLAGS = (
					"-Wmost",
					"-Wno-four-char-constants",
					"-Wno-unknown-pragmas",
					"$(inherited)",
				);
			};
			name = MinSizeRel;
		};
		E48C028765764D96B1EB2BBD /* Debug */ = {
			isa = XCBuildConfiguration;
			buildSettings = {
				COMBINE_HIDPI_IMAGES = YES;
				GCC_GENERATE_DEBUGGING_SYMBOLS = YES;
				GCC_INLINES_ARE_PRIVATE_EXTERN = NO;
				GCC_OPTIMIZATION_LEVEL = 0;
				GCC_PREPROCESSOR_DEFINITIONS = "'CMAKE_INTDIR=\"$(CONFIGURATION)$(EFFECTIVE_PLATFORM_NAME)\"'";
				GCC_SYMBOLS_PRIVATE_EXTERN = NO;
				INSTALL_PATH = "";
				OTHER_LDFLAGS = " ";
				OTHER_REZFLAGS = "";
				PRODUCT_NAME = ALL_BUILD;
				SECTORDER_FLAGS = "";
				SYMROOT = "/Users/elite/Desktop/code/C_C++/AtmosphericEngine/xcode";
				USE_HEADERMAP = NO;
				WARNING_CFLAGS = (
					"-Wmost",
					"-Wno-four-char-constants",
					"-Wno-unknown-pragmas",
					"$(inherited)",
				);
			};
			name = Debug;
		};
		EB1128429AA546FFAE0EEB00 /* MinSizeRel */ = {
			isa = XCBuildConfiguration;
			buildSettings = {
				MACOSX_DEPLOYMENT_TARGET = 10.13;
				ONLY_ACTIVE_ARCH = YES;
				SDKROOT = /Applications/Xcode.app/Contents/Developer/Platforms/MacOSX.platform/Developer/SDKs/MacOSX10.14.sdk;
				SYMROOT = "/Users/elite/Desktop/code/C_C++/AtmosphericEngine/xcode/build";
			};
			name = MinSizeRel;
		};
/* End XCBuildConfiguration section */

/* Begin XCConfigurationList section */
		1252E108312B4D94956CD813 /* Build configuration list for PBXProject "AtmosphericEngine" */ = {
			isa = XCConfigurationList;
			buildConfigurations = (
				9CE041B1B012498E87CD676B /* Debug */,
				6FEAB2CE7D704B7587C3ECB3 /* Release */,
				EB1128429AA546FFAE0EEB00 /* MinSizeRel */,
				56BD9DA07A8E48839569D2A9 /* RelWithDebInfo */,
			);
			defaultConfigurationIsVisible = 0;
			defaultConfigurationName = Debug;
		};
		9CAE036A8CDD41A098BE0487 /* Build configuration list for PBXAggregateTarget "ALL_BUILD" */ = {
			isa = XCConfigurationList;
			buildConfigurations = (
				E48C028765764D96B1EB2BBD /* Debug */,
				A937F1C4B2D94992BA7D7DAD /* Release */,
				E4593DF79DBB4FF0AD841F51 /* MinSizeRel */,
				2333865521E744B5BAD3C421 /* RelWithDebInfo */,
			);
			defaultConfigurationIsVisible = 0;
			defaultConfigurationName = Debug;
		};
		9DD584056C9D43D0A29500F0 /* Build configuration list for PBXAggregateTarget "ZERO_CHECK" */ = {
			isa = XCConfigurationList;
			buildConfigurations = (
				DAC3B4150EFD44328235F096 /* Debug */,
				C92C45EC89E84DFDA8EB0F1B /* Release */,
				13E8BD12C8E84AB3B668ABF9 /* MinSizeRel */,
				92CC1F4DAF264A4F9C9E8654 /* RelWithDebInfo */,
			);
			defaultConfigurationIsVisible = 0;
			defaultConfigurationName = Debug;
		};
		AC9557810F8844B3BCB452C8 /* Build configuration list for PBXNativeTarget "AtmosphericEngine" */ = {
			isa = XCConfigurationList;
			buildConfigurations = (
				A99EC1F7745E4457A5583B32 /* Debug */,
				D61F78964DE84CAE94B1D95E /* Release */,
				18241C67CBCD4BB29DFFFF37 /* MinSizeRel */,
				B569F08B7DF44CE1886A5088 /* RelWithDebInfo */,
			);
			defaultConfigurationIsVisible = 0;
			defaultConfigurationName = Debug;
		};
/* End XCConfigurationList section */
	};
	rootObject = 76883C051BED4C019CC4DD60 /* Project object */;
}
